
Microsoft Visual Studio Solution File, Format Version 12.00
# Visual Studio Version 17
VisualStudioVersion = 17.4.33213.308
MinimumVisualStudioVersion = 10.0.40219.1
Project("{9A19103F-16F7-4668-BE54-9A1E7A4F7556}") = "Domain", "Domain\Domain.csproj", "{E433EBC9-6A4F-462C-BBBA-83B08E590B18}"
EndProject
Project("{9A19103F-16F7-4668-BE54-9A1E7A4F7556}") = "Presentation", "Presentation\Presentation.csproj", "{8FF190DF-490C-4DFF-BE2E-5056C0BAB6C6}"
EndProject
Project("{9A19103F-16F7-4668-BE54-9A1E7A4F7556}") = "DataAccessTests", "DataAccessTests\DataAccessTests.csproj", "{FB678E0C-D491-4138-B067-3954ECC5135A}"
EndProject
Project("{9A19103F-16F7-4668-BE54-9A1E7A4F7556}") = "DataAccess", "DataAccess\DataAccess.csproj", "{C509ABEF-AE42-4D62-A043-1C90D858DEC8}"
EndProject
Project("{9A19103F-16F7-4668-BE54-9A1E7A4F7556}") = "SupportLayer", "SupportLayer\SupportLayer.csproj", "{34C9031C-A415-40A6-90BE-0FB8FFD14993}"
EndProject
Project("{9A19103F-16F7-4668-BE54-9A1E7A4F7556}") = "DomainTests", "DomainTests\DomainTests.csproj", "{AF377EB0-12A8-4EA5-A533-98DA0C0FF437}"
EndProject
Global
	GlobalSection(SolutionConfigurationPlatforms) = preSolution
		Debug|Any CPU = Debug|Any CPU
		Release|Any CPU = Release|Any CPU
	EndGlobalSection
	GlobalSection(ProjectConfigurationPlatforms) = postSolution
		{E433EBC9-6A4F-462C-BBBA-83B08E590B18}.Debug|Any CPU.ActiveCfg = Debug|Any CPU
		{E433EBC9-6A4F-462C-BBBA-83B08E590B18}.Debug|Any CPU.Build.0 = Debug|Any CPU
		{E433EBC9-6A4F-462C-BBBA-83B08E590B18}.Release|Any CPU.ActiveCfg = Release|Any CPU
		{E433EBC9-6A4F-462C-BBBA-83B08E590B18}.Release|Any CPU.Build.0 = Release|Any CPU
		{8FF190DF-490C-4DFF-BE2E-5056C0BAB6C6}.Debug|Any CPU.ActiveCfg = Debug|Any CPU
		{8FF190DF-490C-4DFF-BE2E-5056C0BAB6C6}.Debug|Any CPU.Build.0 = Debug|Any CPU
		{8FF190DF-490C-4DFF-BE2E-5056C0BAB6C6}.Release|Any CPU.ActiveCfg = Release|Any CPU
		{8FF190DF-490C-4DFF-BE2E-5056C0BAB6C6}.Release|Any CPU.Build.0 = Release|Any CPU
		{FB678E0C-D491-4138-B067-3954ECC5135A}.Debug|Any CPU.ActiveCfg = Debug|Any CPU
		{FB678E0C-D491-4138-B067-3954ECC5135A}.Debug|Any CPU.Build.0 = Debug|Any CPU
		{FB678E0C-D491-4138-B067-3954ECC5135A}.Release|Any CPU.ActiveCfg = Release|Any CPU
		{FB678E0C-D491-4138-B067-3954ECC5135A}.Release|Any CPU.Build.0 = Release|Any CPU
		{C509ABEF-AE42-4D62-A043-1C90D858DEC8}.Debug|Any CPU.ActiveCfg = Debug|Any CPU
		{C509ABEF-AE42-4D62-A043-1C90D858DEC8}.Debug|Any CPU.Build.0 = Debug|Any CPU
		{C509ABEF-AE42-4D62-A043-1C90D858DEC8}.Release|Any CPU.ActiveCfg = Release|Any CPU
		{C509ABEF-AE42-4D62-A043-1C90D858DEC8}.Release|Any CPU.Build.0 = Release|Any CPU
		{34C9031C-A415-40A6-90BE-0FB8FFD14993}.Debug|Any CPU.ActiveCfg = Debug|Any CPU
		{34C9031C-A415-40A6-90BE-0FB8FFD14993}.Debug|Any CPU.Build.0 = Debug|Any CPU
		{34C9031C-A415-40A6-90BE-0FB8FFD14993}.Release|Any CPU.ActiveCfg = Release|Any CPU
		{34C9031C-A415-40A6-90BE-0FB8FFD14993}.Release|Any CPU.Build.0 = Release|Any CPU
		{AF377EB0-12A8-4EA5-A533-98DA0C0FF437}.Debug|Any CPU.ActiveCfg = Debug|Any CPU
		{AF377EB0-12A8-4EA5-A533-98DA0C0FF437}.Debug|Any CPU.Build.0 = Debug|Any CPU
		{AF377EB0-12A8-4EA5-A533-98DA0C0FF437}.Release|Any CPU.ActiveCfg = Release|Any CPU
		{AF377EB0-12A8-4EA5-A533-98DA0C0FF437}.Release|Any CPU.Build.0 = Release|Any CPU
	EndGlobalSection
	GlobalSection(SolutionProperties) = preSolution
		HideSolutionNode = FALSE
	EndGlobalSection
	GlobalSection(ExtensibilityGlobals) = postSolution
		SolutionGuid = {8F985DEF-4859-415F-A565-95CB97F222A0}
	EndGlobalSection
EndGlobal
