
Microsoft Visual Studio Solution File, Format Version 12.00
# Visual Studio Version 17
VisualStudioVersion = 17.4.33213.308
MinimumVisualStudioVersion = 10.0.40219.1
Project("{FAE04EC0-301F-11D3-BF4B-00C04F79EFBC}") = "DataAccess2", "DataAccess2\DataAccess2.csproj", "{DD51EE30-0017-4155-A563-6697678EA5C1}"
EndProject
Project("{9A19103F-16F7-4668-BE54-9A1E7A4F7556}") = "Domain", "Domain\Domain.csproj", "{E433EBC9-6A4F-462C-BBBA-83B08E590B18}"
EndProject
Project("{9A19103F-16F7-4668-BE54-9A1E7A4F7556}") = "Presentation", "Presentation\Presentation.csproj", "{8FF190DF-490C-4DFF-BE2E-5056C0BAB6C6}"
EndProject
Project("{9A19103F-16F7-4668-BE54-9A1E7A4F7556}") = "DataAccessTests", "DataAccessTests\DataAccessTests.csproj", "{FB678E0C-D491-4138-B067-3954ECC5135A}"
EndProject
Project("{FAE04EC0-301F-11D3-BF4B-00C04F79EFBC}") = "SupportLayer", "SupportLayer\SupportLayer.csproj", "{5E47E8EC-3968-4686-9675-5D5B59C7B1ED}"
EndProject
Project("{9A19103F-16F7-4668-BE54-9A1E7A4F7556}") = "DataAccess", "DataAccess\DataAccess.csproj", "{C509ABEF-AE42-4D62-A043-1C90D858DEC8}"
EndProject
Global
	GlobalSection(SolutionConfigurationPlatforms) = preSolution
		Debug|Any CPU = Debug|Any CPU
		Release|Any CPU = Release|Any CPU
	EndGlobalSection
	GlobalSection(ProjectConfigurationPlatforms) = postSolution
		{DD51EE30-0017-4155-A563-6697678EA5C1}.Debug|Any CPU.ActiveCfg = Debug|Any CPU
		{DD51EE30-0017-4155-A563-6697678EA5C1}.Debug|Any CPU.Build.0 = Debug|Any CPU
		{DD51EE30-0017-4155-A563-6697678EA5C1}.Release|Any CPU.ActiveCfg = Release|Any CPU
		{DD51EE30-0017-4155-A563-6697678EA5C1}.Release|Any CPU.Build.0 = Release|Any CPU
		{E433EBC9-6A4F-462C-BBBA-83B08E590B18}.Debug|Any CPU.ActiveCfg = Debug|Any CPU
		{E433EBC9-6A4F-462C-BBBA-83B08E590B18}.Debug|Any CPU.Build.0 = Debug|Any CPU
		{E433EBC9-6A4F-462C-BBBA-83B08E590B18}.Release|Any CPU.ActiveCfg = Release|Any CPU
		{E433EBC9-6A4F-462C-BBBA-83B08E590B18}.Release|Any CPU.Build.0 = Release|Any CPU
		{8FF190DF-490C-4DFF-BE2E-5056C0BAB6C6}.Debug|Any CPU.ActiveCfg = Debug|Any CPU
		{8FF190DF-490C-4DFF-BE2E-5056C0BAB6C6}.Debug|Any CPU.Build.0 = Debug|Any CPU
		{8FF190DF-490C-4DFF-BE2E-5056C0BAB6C6}.Release|Any CPU.ActiveCfg = Release|Any CPU
		{8FF190DF-490C-4DFF-BE2E-5056C0BAB6C6}.Release|Any CPU.Build.0 = Release|Any CPU
		{FB678E0C-D491-4138-B067-3954ECC5135A}.Debug|Any CPU.ActiveCfg = Debug|Any CPU
		{FB678E0C-D491-4138-B067-3954ECC5135A}.Debug|Any CPU.Build.0 = Debug|Any CPU
		{FB678E0C-D491-4138-B067-3954ECC5135A}.Release|Any CPU.ActiveCfg = Release|Any CPU
		{FB678E0C-D491-4138-B067-3954ECC5135A}.Release|Any CPU.Build.0 = Release|Any CPU
		{5E47E8EC-3968-4686-9675-5D5B59C7B1ED}.Debug|Any CPU.ActiveCfg = Debug|Any CPU
		{5E47E8EC-3968-4686-9675-5D5B59C7B1ED}.Debug|Any CPU.Build.0 = Debug|Any CPU
		{5E47E8EC-3968-4686-9675-5D5B59C7B1ED}.Release|Any CPU.ActiveCfg = Release|Any CPU
		{5E47E8EC-3968-4686-9675-5D5B59C7B1ED}.Release|Any CPU.Build.0 = Release|Any CPU
		{C509ABEF-AE42-4D62-A043-1C90D858DEC8}.Debug|Any CPU.ActiveCfg = Debug|Any CPU
		{C509ABEF-AE42-4D62-A043-1C90D858DEC8}.Debug|Any CPU.Build.0 = Debug|Any CPU
		{C509ABEF-AE42-4D62-A043-1C90D858DEC8}.Release|Any CPU.ActiveCfg = Release|Any CPU
		{C509ABEF-AE42-4D62-A043-1C90D858DEC8}.Release|Any CPU.Build.0 = Release|Any CPU
	EndGlobalSection
	GlobalSection(SolutionProperties) = preSolution
		HideSolutionNode = FALSE
	EndGlobalSection
	GlobalSection(ExtensibilityGlobals) = postSolution
		SolutionGuid = {8F985DEF-4859-415F-A565-95CB97F222A0}
	EndGlobalSection
EndGlobal
